
Microsoft Visual Studio Solution File, Format Version 12.00
# Visual Studio Version 17
VisualStudioVersion = 17.0.31903.59
MinimumVisualStudioVersion = 10.0.40219.1
Project("{FAE04EC0-301F-11D3-BF4B-00C04F79EFBC}") = "OpenNV", "OpenNV.csproj", "{166F1983-2EAB-4A62-A765-7F5CD4E19728}"
EndProject
Project("{FAE04EC0-301F-11D3-BF4B-00C04F79EFBC}") = "ActorComplexionContractProbe", "..\contract-tests\ActorComplexionContractProbe\ActorComplexionContractProbe.csproj", "{D44FB855-F68D-4D07-A6CE-30BA54BFA2AB}"
EndProject
Project("{FAE04EC0-301F-11D3-BF4B-00C04F79EFBC}") = "GamebryoUiTileContractProbe", "..\contract-tests\GamebryoUiTileContractProbe\GamebryoUiTileContractProbe.csproj", "{69082E1A-F57A-4DD4-9C6F-C4882211344C}"
EndProject
Project("{FAE04EC0-301F-11D3-BF4B-00C04F79EFBC}") = "GamebryoFaceGenMorphProbe", "..\contract-tests\GamebryoFaceGenMorphProbe\GamebryoFaceGenMorphProbe.csproj", "{C158EEB7-73E1-4C7D-AD32-75F3F43A0199}"
EndProject
Project("{2150E333-8FDC-42A3-9474-1A3956D46DE8}") = "tools", "tools", "{07C2787E-EAC7-C090-1BA3-A61EC2A24D84}"
EndProject
Project("{FAE04EC0-301F-11D3-BF4B-00C04F79EFBC}") = "ParityRetailPublisher", "tools\ParityRetailPublisher\ParityRetailPublisher.csproj", "{82B81AF8-2A5F-4C1E-87EE-0AC06BCE005D}"
EndProject
Project("{FAE04EC0-301F-11D3-BF4B-00C04F79EFBC}") = "ParityLiveComparator", "tools\ParityLiveComparator\ParityLiveComparator.csproj", "{283CC2B0-B4FE-4470-8537-EEE04CB3A48E}"
EndProject
Global
	GlobalSection(SolutionConfigurationPlatforms) = preSolution
		Debug|Any CPU = Debug|Any CPU
		Debug|x64 = Debug|x64
		Debug|x86 = Debug|x86
		Release|Any CPU = Release|Any CPU
		Release|x64 = Release|x64
		Release|x86 = Release|x86
	EndGlobalSection
	GlobalSection(ProjectConfigurationPlatforms) = postSolution
		{166F1983-2EAB-4A62-A765-7F5CD4E19728}.Debug|Any CPU.ActiveCfg = Debug|Any CPU
		{166F1983-2EAB-4A62-A765-7F5CD4E19728}.Debug|Any CPU.Build.0 = Debug|Any CPU
		{166F1983-2EAB-4A62-A765-7F5CD4E19728}.Debug|x64.ActiveCfg = Debug|Any CPU
		{166F1983-2EAB-4A62-A765-7F5CD4E19728}.Debug|x64.Build.0 = Debug|Any CPU
		{166F1983-2EAB-4A62-A765-7F5CD4E19728}.Debug|x86.ActiveCfg = Debug|Any CPU
		{166F1983-2EAB-4A62-A765-7F5CD4E19728}.Debug|x86.Build.0 = Debug|Any CPU
		{166F1983-2EAB-4A62-A765-7F5CD4E19728}.Release|Any CPU.ActiveCfg = Release|Any CPU
		{166F1983-2EAB-4A62-A765-7F5CD4E19728}.Release|Any CPU.Build.0 = Release|Any CPU
		{166F1983-2EAB-4A62-A765-7F5CD4E19728}.Release|x64.ActiveCfg = Release|Any CPU
		{166F1983-2EAB-4A62-A765-7F5CD4E19728}.Release|x64.Build.0 = Release|Any CPU
		{166F1983-2EAB-4A62-A765-7F5CD4E19728}.Release|x86.ActiveCfg = Release|Any CPU
		{166F1983-2EAB-4A62-A765-7F5CD4E19728}.Release|x86.Build.0 = Release|Any CPU
		{D44FB855-F68D-4D07-A6CE-30BA54BFA2AB}.Debug|Any CPU.ActiveCfg = Debug|Any CPU
		{D44FB855-F68D-4D07-A6CE-30BA54BFA2AB}.Debug|Any CPU.Build.0 = Debug|Any CPU
		{D44FB855-F68D-4D07-A6CE-30BA54BFA2AB}.Debug|x64.ActiveCfg = Debug|Any CPU
		{D44FB855-F68D-4D07-A6CE-30BA54BFA2AB}.Debug|x64.Build.0 = Debug|Any CPU
		{D44FB855-F68D-4D07-A6CE-30BA54BFA2AB}.Debug|x86.ActiveCfg = Debug|Any CPU
		{D44FB855-F68D-4D07-A6CE-30BA54BFA2AB}.Debug|x86.Build.0 = Debug|Any CPU
		{D44FB855-F68D-4D07-A6CE-30BA54BFA2AB}.Release|Any CPU.ActiveCfg = Release|Any CPU
		{D44FB855-F68D-4D07-A6CE-30BA54BFA2AB}.Release|Any CPU.Build.0 = Release|Any CPU
		{D44FB855-F68D-4D07-A6CE-30BA54BFA2AB}.Release|x64.ActiveCfg = Release|Any CPU
		{D44FB855-F68D-4D07-A6CE-30BA54BFA2AB}.Release|x64.Build.0 = Release|Any CPU
		{D44FB855-F68D-4D07-A6CE-30BA54BFA2AB}.Release|x86.ActiveCfg = Release|Any CPU
		{D44FB855-F68D-4D07-A6CE-30BA54BFA2AB}.Release|x86.Build.0 = Release|Any CPU
		{69082E1A-F57A-4DD4-9C6F-C4882211344C}.Debug|Any CPU.ActiveCfg = Debug|Any CPU
		{69082E1A-F57A-4DD4-9C6F-C4882211344C}.Debug|Any CPU.Build.0 = Debug|Any CPU
		{69082E1A-F57A-4DD4-9C6F-C4882211344C}.Debug|x64.ActiveCfg = Debug|Any CPU
		{69082E1A-F57A-4DD4-9C6F-C4882211344C}.Debug|x64.Build.0 = Debug|Any CPU
		{69082E1A-F57A-4DD4-9C6F-C4882211344C}.Debug|x86.ActiveCfg = Debug|Any CPU
		{69082E1A-F57A-4DD4-9C6F-C4882211344C}.Debug|x86.Build.0 = Debug|Any CPU
		{69082E1A-F57A-4DD4-9C6F-C4882211344C}.Release|Any CPU.ActiveCfg = Release|Any CPU
		{69082E1A-F57A-4DD4-9C6F-C4882211344C}.Release|Any CPU.Build.0 = Release|Any CPU
		{69082E1A-F57A-4DD4-9C6F-C4882211344C}.Release|x64.ActiveCfg = Release|Any CPU
		{69082E1A-F57A-4DD4-9C6F-C4882211344C}.Release|x64.Build.0 = Release|Any CPU
		{69082E1A-F57A-4DD4-9C6F-C4882211344C}.Release|x86.ActiveCfg = Release|Any CPU
		{69082E1A-F57A-4DD4-9C6F-C4882211344C}.Release|x86.Build.0 = Release|Any CPU
		{C158EEB7-73E1-4C7D-AD32-75F3F43A0199}.Debug|Any CPU.ActiveCfg = Debug|Any CPU
		{C158EEB7-73E1-4C7D-AD32-75F3F43A0199}.Debug|Any CPU.Build.0 = Debug|Any CPU
		{C158EEB7-73E1-4C7D-AD32-75F3F43A0199}.Debug|x64.ActiveCfg = Debug|Any CPU
		{C158EEB7-73E1-4C7D-AD32-75F3F43A0199}.Debug|x64.Build.0 = Debug|Any CPU
		{C158EEB7-73E1-4C7D-AD32-75F3F43A0199}.Debug|x86.ActiveCfg = Debug|Any CPU
		{C158EEB7-73E1-4C7D-AD32-75F3F43A0199}.Debug|x86.Build.0 = Debug|Any CPU
		{C158EEB7-73E1-4C7D-AD32-75F3F43A0199}.Release|Any CPU.ActiveCfg = Release|Any CPU
		{C158EEB7-73E1-4C7D-AD32-75F3F43A0199}.Release|Any CPU.Build.0 = Release|Any CPU
		{C158EEB7-73E1-4C7D-AD32-75F3F43A0199}.Release|x64.ActiveCfg = Release|Any CPU
		{C158EEB7-73E1-4C7D-AD32-75F3F43A0199}.Release|x64.Build.0 = Release|Any CPU
		{C158EEB7-73E1-4C7D-AD32-75F3F43A0199}.Release|x86.ActiveCfg = Release|Any CPU
		{C158EEB7-73E1-4C7D-AD32-75F3F43A0199}.Release|x86.Build.0 = Release|Any CPU
		{82B81AF8-2A5F-4C1E-87EE-0AC06BCE005D}.Debug|Any CPU.ActiveCfg = Debug|Any CPU
		{82B81AF8-2A5F-4C1E-87EE-0AC06BCE005D}.Debug|Any CPU.Build.0 = Debug|Any CPU
		{82B81AF8-2A5F-4C1E-87EE-0AC06BCE005D}.Debug|x64.ActiveCfg = Debug|Any CPU
		{82B81AF8-2A5F-4C1E-87EE-0AC06BCE005D}.Debug|x64.Build.0 = Debug|Any CPU
		{82B81AF8-2A5F-4C1E-87EE-0AC06BCE005D}.Debug|x86.ActiveCfg = Debug|Any CPU
		{82B81AF8-2A5F-4C1E-87EE-0AC06BCE005D}.Debug|x86.Build.0 = Debug|Any CPU
		{82B81AF8-2A5F-4C1E-87EE-0AC06BCE005D}.Release|Any CPU.ActiveCfg = Release|Any CPU
		{82B81AF8-2A5F-4C1E-87EE-0AC06BCE005D}.Release|Any CPU.Build.0 = Release|Any CPU
		{82B81AF8-2A5F-4C1E-87EE-0AC06BCE005D}.Release|x64.ActiveCfg = Release|Any CPU
		{82B81AF8-2A5F-4C1E-87EE-0AC06BCE005D}.Release|x64.Build.0 = Release|Any CPU
		{82B81AF8-2A5F-4C1E-87EE-0AC06BCE005D}.Release|x86.ActiveCfg = Release|Any CPU
		{82B81AF8-2A5F-4C1E-87EE-0AC06BCE005D}.Release|x86.Build.0 = Release|Any CPU
		{283CC2B0-B4FE-4470-8537-EEE04CB3A48E}.Debug|Any CPU.ActiveCfg = Debug|Any CPU
		{283CC2B0-B4FE-4470-8537-EEE04CB3A48E}.Debug|Any CPU.Build.0 = Debug|Any CPU
		{283CC2B0-B4FE-4470-8537-EEE04CB3A48E}.Debug|x64.ActiveCfg = Debug|Any CPU
		{283CC2B0-B4FE-4470-8537-EEE04CB3A48E}.Debug|x64.Build.0 = Debug|Any CPU
		{283CC2B0-B4FE-4470-8537-EEE04CB3A48E}.Debug|x86.ActiveCfg = Debug|Any CPU
		{283CC2B0-B4FE-4470-8537-EEE04CB3A48E}.Debug|x86.Build.0 = Debug|Any CPU
		{283CC2B0-B4FE-4470-8537-EEE04CB3A48E}.Release|Any CPU.ActiveCfg = Release|Any CPU
		{283CC2B0-B4FE-4470-8537-EEE04CB3A48E}.Release|Any CPU.Build.0 = Release|Any CPU
		{283CC2B0-B4FE-4470-8537-EEE04CB3A48E}.Release|x64.ActiveCfg = Release|Any CPU
		{283CC2B0-B4FE-4470-8537-EEE04CB3A48E}.Release|x64.Build.0 = Release|Any CPU
		{283CC2B0-B4FE-4470-8537-EEE04CB3A48E}.Release|x86.ActiveCfg = Release|Any CPU
		{283CC2B0-B4FE-4470-8537-EEE04CB3A48E}.Release|x86.Build.0 = Release|Any CPU
	EndGlobalSection
	GlobalSection(SolutionProperties) = preSolution
		HideSolutionNode = FALSE
	EndGlobalSection
	GlobalSection(NestedProjects) = preSolution
		{82B81AF8-2A5F-4C1E-87EE-0AC06BCE005D} = {07C2787E-EAC7-C090-1BA3-A61EC2A24D84}
		{283CC2B0-B4FE-4470-8537-EEE04CB3A48E} = {07C2787E-EAC7-C090-1BA3-A61EC2A24D84}
	EndGlobalSection
EndGlobal
